
Microsoft Visual Studio Solution File, Format Version 12.00
# Visual Studio Version 17
VisualStudioVersion = 17.5.33414.496
MinimumVisualStudioVersion = 10.0.40219.1
Project("{FAE04EC0-301F-11D3-BF4B-00C04F79EFBC}") = "sup_v2", "sup_v2\sup_v2.csproj", "{1430741E-C631-4E48-80C5-B3F0E166A2F8}"
EndProject
Project("{FAE04EC0-301F-11D3-BF4B-00C04F79EFBC}") = "sup_v2Web", "sup_v2Web\sup_v2Web.csproj", "{CD69A649-FD21-4C0A-9D1D-6567F1496DA6}"
EndProject
Global
	GlobalSection(SolutionConfigurationPlatforms) = preSolution
		Debug|Any CPU = Debug|Any CPU
		Release|Any CPU = Release|Any CPU
	EndGlobalSection
	GlobalSection(ProjectConfigurationPlatforms) = postSolution
		{1430741E-C631-4E48-80C5-B3F0E166A2F8}.Debug|Any CPU.ActiveCfg = Debug|Any CPU
		{1430741E-C631-4E48-80C5-B3F0E166A2F8}.Debug|Any CPU.Build.0 = Debug|Any CPU
		{1430741E-C631-4E48-80C5-B3F0E166A2F8}.Debug|Any CPU.Deploy.0 = Debug|Any CPU
		{1430741E-C631-4E48-80C5-B3F0E166A2F8}.Release|Any CPU.ActiveCfg = Release|Any CPU
		{1430741E-C631-4E48-80C5-B3F0E166A2F8}.Release|Any CPU.Build.0 = Release|Any CPU
		{1430741E-C631-4E48-80C5-B3F0E166A2F8}.Release|Any CPU.Deploy.0 = Release|Any CPU
		{CD69A649-FD21-4C0A-9D1D-6567F1496DA6}.Debug|Any CPU.ActiveCfg = Debug|Any CPU
		{CD69A649-FD21-4C0A-9D1D-6567F1496DA6}.Debug|Any CPU.Build.0 = Debug|Any CPU
		{CD69A649-FD21-4C0A-9D1D-6567F1496DA6}.Release|Any CPU.ActiveCfg = Release|Any CPU
		{CD69A649-FD21-4C0A-9D1D-6567F1496DA6}.Release|Any CPU.Build.0 = Release|Any CPU
	EndGlobalSection
	GlobalSection(SolutionProperties) = preSolution
		HideSolutionNode = FALSE
	EndGlobalSection
	GlobalSection(ExtensibilityGlobals) = postSolution
		SolutionGuid = {147CCA05-0188-4C9B-9D73-A53CE15654F3}
	EndGlobalSection
EndGlobal
